// !$*UTF8*$!
{
	archiveVersion = 1;
	classes = {
	};
	objectVersion = 55;
	objects = {

/* Begin PBXBuildFile section */
		44857E652B971B7900FFDDB3 /* DetailsEmployeeViewController.swift in Sources */ = {isa = PBXBuildFile; fileRef = 44857E642B971B7900FFDDB3 /* DetailsEmployeeViewController.swift */; };
		44857E682B971D0800FFDDB3 /* SnapKit in Frameworks */ = {isa = PBXBuildFile; productRef = 44857E672B971D0800FFDDB3 /* SnapKit */; };
		44857E702B971EB500FFDDB3 /* SDWebImage in Frameworks */ = {isa = PBXBuildFile; productRef = 44857E6F2B971EB500FFDDB3 /* SDWebImage */; };
		44857E722B971EB500FFDDB3 /* SDWebImageMapKit in Frameworks */ = {isa = PBXBuildFile; productRef = 44857E712B971EB500FFDDB3 /* SDWebImageMapKit */; };
		44857E742B971ED400FFDDB3 /* EmployeesViewController.swift in Sources */ = {isa = PBXBuildFile; fileRef = 44857E732B971ED400FFDDB3 /* EmployeesViewController.swift */; };
		44857E762B971F8200FFDDB3 /* Di.swift in Sources */ = {isa = PBXBuildFile; fileRef = 44857E752B971F8200FFDDB3 /* Di.swift */; };
		44857E782B971FA200FFDDB3 /* Router.swift in Sources */ = {isa = PBXBuildFile; fileRef = 44857E772B971FA200FFDDB3 /* Router.swift */; };
		44857E7A2B971FC600FFDDB3 /* ScreenFactory.swift in Sources */ = {isa = PBXBuildFile; fileRef = 44857E792B971FC600FFDDB3 /* ScreenFactory.swift */; };
		44857E7C2B9721D800FFDDB3 /* UIColor.swift in Sources */ = {isa = PBXBuildFile; fileRef = 44857E7B2B9721D800FFDDB3 /* UIColor.swift */; };
		44857E7F2B9723E300FFDDB3 /* Employee.swift in Sources */ = {isa = PBXBuildFile; fileRef = 44857E7E2B9723E300FFDDB3 /* Employee.swift */; };
		44857E822B97249100FFDDB3 /* EmloyeesResponse.swift in Sources */ = {isa = PBXBuildFile; fileRef = 44857E812B97249100FFDDB3 /* EmloyeesResponse.swift */; };
		448DD2012B962E29008F159E /* AppDelegate.swift in Sources */ = {isa = PBXBuildFile; fileRef = 448DD2002B962E29008F159E /* AppDelegate.swift */; };
		448DD2032B962E29008F159E /* SceneDelegate.swift in Sources */ = {isa = PBXBuildFile; fileRef = 448DD2022B962E29008F159E /* SceneDelegate.swift */; };
		448DD20A2B962E2A008F159E /* Assets.xcassets in Resources */ = {isa = PBXBuildFile; fileRef = 448DD2092B962E2A008F159E /* Assets.xcassets */; };
		448DD20D2B962E2A008F159E /* LaunchScreen.storyboard in Resources */ = {isa = PBXBuildFile; fileRef = 448DD20B2B962E2A008F159E /* LaunchScreen.storyboard */; };
/* End PBXBuildFile section */

/* Begin PBXFileReference section */
		44857E642B971B7900FFDDB3 /* DetailsEmployeeViewController.swift */ = {isa = PBXFileReference; lastKnownFileType = sourcecode.swift; path = DetailsEmployeeViewController.swift; sourceTree = "<group>"; };
		44857E732B971ED400FFDDB3 /* EmployeesViewController.swift */ = {isa = PBXFileReference; lastKnownFileType = sourcecode.swift; path = EmployeesViewController.swift; sourceTree = "<group>"; };
		44857E752B971F8200FFDDB3 /* Di.swift */ = {isa = PBXFileReference; lastKnownFileType = sourcecode.swift; path = Di.swift; sourceTree = "<group>"; };
		44857E772B971FA200FFDDB3 /* Router.swift */ = {isa = PBXFileReference; lastKnownFileType = sourcecode.swift; path = Router.swift; sourceTree = "<group>"; };
		44857E792B971FC600FFDDB3 /* ScreenFactory.swift */ = {isa = PBXFileReference; lastKnownFileType = sourcecode.swift; path = ScreenFactory.swift; sourceTree = "<group>"; };
		44857E7B2B9721D800FFDDB3 /* UIColor.swift */ = {isa = PBXFileReference; lastKnownFileType = sourcecode.swift; path = UIColor.swift; sourceTree = "<group>"; };
		44857E7E2B9723E300FFDDB3 /* Employee.swift */ = {isa = PBXFileReference; lastKnownFileType = sourcecode.swift; path = Employee.swift; sourceTree = "<group>"; };
		44857E812B97249100FFDDB3 /* EmloyeesResponse.swift */ = {isa = PBXFileReference; lastKnownFileType = sourcecode.swift; path = EmloyeesResponse.swift; sourceTree = "<group>"; };
		448DD1FD2B962E29008F159E /* kode-employees.app */ = {isa = PBXFileReference; explicitFileType = wrapper.application; includeInIndex = 0; path = "kode-employees.app"; sourceTree = BUILT_PRODUCTS_DIR; };
		448DD2002B962E29008F159E /* AppDelegate.swift */ = {isa = PBXFileReference; lastKnownFileType = sourcecode.swift; path = AppDelegate.swift; sourceTree = "<group>"; };
		448DD2022B962E29008F159E /* SceneDelegate.swift */ = {isa = PBXFileReference; lastKnownFileType = sourcecode.swift; path = SceneDelegate.swift; sourceTree = "<group>"; };
		448DD2092B962E2A008F159E /* Assets.xcassets */ = {isa = PBXFileReference; lastKnownFileType = folder.assetcatalog; path = Assets.xcassets; sourceTree = "<group>"; };
		448DD20C2B962E2A008F159E /* Base */ = {isa = PBXFileReference; lastKnownFileType = file.storyboard; name = Base; path = Base.lproj/LaunchScreen.storyboard; sourceTree = "<group>"; };
		448DD20E2B962E2A008F159E /* Info.plist */ = {isa = PBXFileReference; lastKnownFileType = text.plist.xml; path = Info.plist; sourceTree = "<group>"; };
/* End PBXFileReference section */

/* Begin PBXFrameworksBuildPhase section */
		448DD1FA2B962E29008F159E /* Frameworks */ = {
			isa = PBXFrameworksBuildPhase;
			buildActionMask = 2147483647;
			files = (
				44857E702B971EB500FFDDB3 /* SDWebImage in Frameworks */,
				44857E722B971EB500FFDDB3 /* SDWebImageMapKit in Frameworks */,
				44857E682B971D0800FFDDB3 /* SnapKit in Frameworks */,
			);
			runOnlyForDeploymentPostprocessing = 0;
		};
/* End PBXFrameworksBuildPhase section */

/* Begin PBXGroup section */
		44857E622B97117600FFDDB3 /* EmployeesViewController */ = {
			isa = PBXGroup;
			children = (
				44857E732B971ED400FFDDB3 /* EmployeesViewController.swift */,
			);
			path = EmployeesViewController;
			sourceTree = "<group>";
		};
		44857E632B97118300FFDDB3 /* DetailsEmployeeViewController */ = {
			isa = PBXGroup;
			children = (
				44857E642B971B7900FFDDB3 /* DetailsEmployeeViewController.swift */,
			);
			path = DetailsEmployeeViewController;
			sourceTree = "<group>";
		};
		44857E7D2B9723C500FFDDB3 /* Employees */ = {
			isa = PBXGroup;
			children = (
				44857E7E2B9723E300FFDDB3 /* Employee.swift */,
				44857E812B97249100FFDDB3 /* EmloyeesResponse.swift */,
			);
			path = Employees;
			sourceTree = "<group>";
		};
		448DD1F42B962E29008F159E = {
			isa = PBXGroup;
			children = (
				448DD1FF2B962E29008F159E /* kode-employees */,
				448DD1FE2B962E29008F159E /* Products */,
			);
			sourceTree = "<group>";
		};
		448DD1FE2B962E29008F159E /* Products */ = {
			isa = PBXGroup;
			children = (
				448DD1FD2B962E29008F159E /* kode-employees.app */,
			);
			name = Products;
			sourceTree = "<group>";
		};
		448DD1FF2B962E29008F159E /* kode-employees */ = {
			isa = PBXGroup;
			children = (
				448DD2142B962E30008F159E /* App */,
				448DD2192B962E62008F159E /* UI */,
				448DD2152B962E39008F159E /* Controllers */,
				448DD2182B962E52008F159E /* Models */,
				448DD2172B962E4B008F159E /* Networking */,
				448DD2162B962E3F008F159E /* Resources */,
				448DD21A2B962E75008F159E /* Extensions */,
			);
			path = "kode-employees";
			sourceTree = "<group>";
		};
		448DD2142B962E30008F159E /* App */ = {
			isa = PBXGroup;
			children = (
				448DD2002B962E29008F159E /* AppDelegate.swift */,
				448DD2022B962E29008F159E /* SceneDelegate.swift */,
				44857E752B971F8200FFDDB3 /* Di.swift */,
				44857E772B971FA200FFDDB3 /* Router.swift */,
				44857E792B971FC600FFDDB3 /* ScreenFactory.swift */,
			);
			path = App;
			sourceTree = "<group>";
		};
		448DD2152B962E39008F159E /* Controllers */ = {
			isa = PBXGroup;
			children = (
				44857E632B97118300FFDDB3 /* DetailsEmployeeViewController */,
				44857E622B97117600FFDDB3 /* EmployeesViewController */,
			);
			path = Controllers;
			sourceTree = "<group>";
		};
		448DD2162B962E3F008F159E /* Resources */ = {
			isa = PBXGroup;
			children = (
				448DD2092B962E2A008F159E /* Assets.xcassets */,
				448DD20B2B962E2A008F159E /* LaunchScreen.storyboard */,
				448DD20E2B962E2A008F159E /* Info.plist */,
			);
			path = Resources;
			sourceTree = "<group>";
		};
		448DD2172B962E4B008F159E /* Networking */ = {
			isa = PBXGroup;
			children = (
			);
			path = Networking;
			sourceTree = "<group>";
		};
		448DD2182B962E52008F159E /* Models */ = {
			isa = PBXGroup;
			children = (
				44857E7D2B9723C500FFDDB3 /* Employees */,
			);
			path = Models;
			sourceTree = "<group>";
		};
		448DD2192B962E62008F159E /* UI */ = {
			isa = PBXGroup;
			children = (
			);
			path = UI;
			sourceTree = "<group>";
		};
		448DD21A2B962E75008F159E /* Extensions */ = {
			isa = PBXGroup;
			children = (
				44857E7B2B9721D800FFDDB3 /* UIColor.swift */,
			);
			path = Extensions;
			sourceTree = "<group>";
		};
/* End PBXGroup section */

/* Begin PBXNativeTarget section */
		448DD1FC2B962E29008F159E /* kode-employees */ = {
			isa = PBXNativeTarget;
			buildConfigurationList = 448DD2112B962E2A008F159E /* Build configuration list for PBXNativeTarget "kode-employees" */;
			buildPhases = (
				448DD1F92B962E29008F159E /* Sources */,
				448DD1FA2B962E29008F159E /* Frameworks */,
				448DD1FB2B962E29008F159E /* Resources */,
			);
			buildRules = (
			);
			dependencies = (
			);
			name = "kode-employees";
			packageProductDependencies = (
				44857E672B971D0800FFDDB3 /* SnapKit */,
				44857E6F2B971EB500FFDDB3 /* SDWebImage */,
				44857E712B971EB500FFDDB3 /* SDWebImageMapKit */,
			);
			productName = "kode-employees";
			productReference = 448DD1FD2B962E29008F159E /* kode-employees.app */;
			productType = "com.apple.product-type.application";
		};
/* End PBXNativeTarget section */

/* Begin PBXProject section */
		448DD1F52B962E29008F159E /* Project object */ = {
			isa = PBXProject;
			attributes = {
				BuildIndependentTargetsInParallel = 1;
				LastSwiftUpdateCheck = 1420;
				LastUpgradeCheck = 1420;
				TargetAttributes = {
					448DD1FC2B962E29008F159E = {
						CreatedOnToolsVersion = 14.2;
					};
				};
			};
			buildConfigurationList = 448DD1F82B962E29008F159E /* Build configuration list for PBXProject "kode-employees" */;
			compatibilityVersion = "Xcode 13.0";
			developmentRegion = en;
			hasScannedForEncodings = 0;
			knownRegions = (
				en,
				Base,
			);
			mainGroup = 448DD1F42B962E29008F159E;
			packageReferences = (
				44857E662B971D0800FFDDB3 /* XCRemoteSwiftPackageReference "SnapKit" */,
				44857E6E2B971EB500FFDDB3 /* XCRemoteSwiftPackageReference "SDWebImage" */,
			);
			productRefGroup = 448DD1FE2B962E29008F159E /* Products */;
			projectDirPath = "";
			projectRoot = "";
			targets = (
				448DD1FC2B962E29008F159E /* kode-employees */,
			);
		};
/* End PBXProject section */

/* Begin PBXResourcesBuildPhase section */
		448DD1FB2B962E29008F159E /* Resources */ = {
			isa = PBXResourcesBuildPhase;
			buildActionMask = 2147483647;
			files = (
				448DD20D2B962E2A008F159E /* LaunchScreen.storyboard in Resources */,
				448DD20A2B962E2A008F159E /* Assets.xcassets in Resources */,
			);
			runOnlyForDeploymentPostprocessing = 0;
		};
/* End PBXResourcesBuildPhase section */

/* Begin PBXSourcesBuildPhase section */
		448DD1F92B962E29008F159E /* Sources */ = {
			isa = PBXSourcesBuildPhase;
			buildActionMask = 2147483647;
			files = (
				44857E652B971B7900FFDDB3 /* DetailsEmployeeViewController.swift in Sources */,
				44857E822B97249100FFDDB3 /* EmloyeesResponse.swift in Sources */,
				448DD2012B962E29008F159E /* AppDelegate.swift in Sources */,
				44857E7A2B971FC600FFDDB3 /* ScreenFactory.swift in Sources */,
				448DD2032B962E29008F159E /* SceneDelegate.swift in Sources */,
				44857E762B971F8200FFDDB3 /* Di.swift in Sources */,
				44857E7C2B9721D800FFDDB3 /* UIColor.swift in Sources */,
				44857E7F2B9723E300FFDDB3 /* Employee.swift in Sources */,
				44857E782B971FA200FFDDB3 /* Router.swift in Sources */,
				44857E742B971ED400FFDDB3 /* EmployeesViewController.swift in Sources */,
			);
			runOnlyForDeploymentPostprocessing = 0;
		};
/* End PBXSourcesBuildPhase section */

/* Begin PBXVariantGroup section */
		448DD20B2B962E2A008F159E /* LaunchScreen.storyboard */ = {
			isa = PBXVariantGroup;
			children = (
				448DD20C2B962E2A008F159E /* Base */,
			);
			name = LaunchScreen.storyboard;
			sourceTree = "<group>";
		};
/* End PBXVariantGroup section */

/* Begin XCBuildConfiguration section */
		448DD20F2B962E2A008F159E /* Debug */ = {
			isa = XCBuildConfiguration;
			buildSettings = {
				ALWAYS_SEARCH_USER_PATHS = NO;
				CLANG_ANALYZER_NONNULL = YES;
				CLANG_ANALYZER_NUMBER_OBJECT_CONVERSION = YES_AGGRESSIVE;
				CLANG_CXX_LANGUAGE_STANDARD = "gnu++20";
				CLANG_ENABLE_MODULES = YES;
				CLANG_ENABLE_OBJC_ARC = YES;
				CLANG_ENABLE_OBJC_WEAK = YES;
				CLANG_WARN_BLOCK_CAPTURE_AUTORELEASING = YES;
				CLANG_WARN_BOOL_CONVERSION = YES;
				CLANG_WARN_COMMA = YES;
				CLANG_WARN_CONSTANT_CONVERSION = YES;
				CLANG_WARN_DEPRECATED_OBJC_IMPLEMENTATIONS = YES;
				CLANG_WARN_DIRECT_OBJC_ISA_USAGE = YES_ERROR;
				CLANG_WARN_DOCUMENTATION_COMMENTS = YES;
				CLANG_WARN_EMPTY_BODY = YES;
				CLANG_WARN_ENUM_CONVERSION = YES;
				CLANG_WARN_INFINITE_RECURSION = YES;
				CLANG_WARN_INT_CONVERSION = YES;
				CLANG_WARN_NON_LITERAL_NULL_CONVERSION = YES;
				CLANG_WARN_OBJC_IMPLICIT_RETAIN_SELF = YES;
				CLANG_WARN_OBJC_LITERAL_CONVERSION = YES;
				CLANG_WARN_OBJC_ROOT_CLASS = YES_ERROR;
				CLANG_WARN_QUOTED_INCLUDE_IN_FRAMEWORK_HEADER = YES;
				CLANG_WARN_RANGE_LOOP_ANALYSIS = YES;
				CLANG_WARN_STRICT_PROTOTYPES = YES;
				CLANG_WARN_SUSPICIOUS_MOVE = YES;
				CLANG_WARN_UNGUARDED_AVAILABILITY = YES_AGGRESSIVE;
				CLANG_WARN_UNREACHABLE_CODE = YES;
				CLANG_WARN__DUPLICATE_METHOD_MATCH = YES;
				COPY_PHASE_STRIP = NO;
				DEBUG_INFORMATION_FORMAT = dwarf;
				ENABLE_STRICT_OBJC_MSGSEND = YES;
				ENABLE_TESTABILITY = YES;
				GCC_C_LANGUAGE_STANDARD = gnu11;
				GCC_DYNAMIC_NO_PIC = NO;
				GCC_NO_COMMON_BLOCKS = YES;
				GCC_OPTIMIZATION_LEVEL = 0;
				GCC_PREPROCESSOR_DEFINITIONS = (
					"DEBUG=1",
					"$(inherited)",
				);
				GCC_WARN_64_TO_32_BIT_CONVERSION = YES;
				GCC_WARN_ABOUT_RETURN_TYPE = YES_ERROR;
				GCC_WARN_UNDECLARED_SELECTOR = YES;
				GCC_WARN_UNINITIALIZED_AUTOS = YES_AGGRESSIVE;
				GCC_WARN_UNUSED_FUNCTION = YES;
				GCC_WARN_UNUSED_VARIABLE = YES;
				IPHONEOS_DEPLOYMENT_TARGET = 16.2;
				MTL_ENABLE_DEBUG_INFO = INCLUDE_SOURCE;
				MTL_FAST_MATH = YES;
				ONLY_ACTIVE_ARCH = YES;
				SDKROOT = iphoneos;
				SWIFT_ACTIVE_COMPILATION_CONDITIONS = DEBUG;
				SWIFT_OPTIMIZATION_LEVEL = "-Onone";
			};
			name = Debug;
		};
		448DD2102B962E2A008F159E /* Release */ = {
			isa = XCBuildConfiguration;
			buildSettings = {
				ALWAYS_SEARCH_USER_PATHS = NO;
				CLANG_ANALYZER_NONNULL = YES;
				CLANG_ANALYZER_NUMBER_OBJECT_CONVERSION = YES_AGGRESSIVE;
				CLANG_CXX_LANGUAGE_STANDARD = "gnu++20";
				CLANG_ENABLE_MODULES = YES;
				CLANG_ENABLE_OBJC_ARC = YES;
				CLANG_ENABLE_OBJC_WEAK = YES;
				CLANG_WARN_BLOCK_CAPTURE_AUTORELEASING = YES;
				CLANG_WARN_BOOL_CONVERSION = YES;
				CLANG_WARN_COMMA = YES;
				CLANG_WARN_CONSTANT_CONVERSION = YES;
				CLANG_WARN_DEPRECATED_OBJC_IMPLEMENTATIONS = YES;
				CLANG_WARN_DIRECT_OBJC_ISA_USAGE = YES_ERROR;
				CLANG_WARN_DOCUMENTATION_COMMENTS = YES;
				CLANG_WARN_EMPTY_BODY = YES;
				CLANG_WARN_ENUM_CONVERSION = YES;
				CLANG_WARN_INFINITE_RECURSION = YES;
				CLANG_WARN_INT_CONVERSION = YES;
				CLANG_WARN_NON_LITERAL_NULL_CONVERSION = YES;
				CLANG_WARN_OBJC_IMPLICIT_RETAIN_SELF = YES;
				CLANG_WARN_OBJC_LITERAL_CONVERSION = YES;
				CLANG_WARN_OBJC_ROOT_CLASS = YES_ERROR;
				CLANG_WARN_QUOTED_INCLUDE_IN_FRAMEWORK_HEADER = YES;
				CLANG_WARN_RANGE_LOOP_ANALYSIS = YES;
				CLANG_WARN_STRICT_PROTOTYPES = YES;
				CLANG_WARN_SUSPICIOUS_MOVE = YES;
				CLANG_WARN_UNGUARDED_AVAILABILITY = YES_AGGRESSIVE;
				CLANG_WARN_UNREACHABLE_CODE = YES;
				CLANG_WARN__DUPLICATE_METHOD_MATCH = YES;
				COPY_PHASE_STRIP = NO;
				DEBUG_INFORMATION_FORMAT = "dwarf-with-dsym";
				ENABLE_NS_ASSERTIONS = NO;
				ENABLE_STRICT_OBJC_MSGSEND = YES;
				GCC_C_LANGUAGE_STANDARD = gnu11;
				GCC_NO_COMMON_BLOCKS = YES;
				GCC_WARN_64_TO_32_BIT_CONVERSION = YES;
				GCC_WARN_ABOUT_RETURN_TYPE = YES_ERROR;
				GCC_WARN_UNDECLARED_SELECTOR = YES;
				GCC_WARN_UNINITIALIZED_AUTOS = YES_AGGRESSIVE;
				GCC_WARN_UNUSED_FUNCTION = YES;
				GCC_WARN_UNUSED_VARIABLE = YES;
				IPHONEOS_DEPLOYMENT_TARGET = 16.2;
				MTL_ENABLE_DEBUG_INFO = NO;
				MTL_FAST_MATH = YES;
				SDKROOT = iphoneos;
				SWIFT_COMPILATION_MODE = wholemodule;
				SWIFT_OPTIMIZATION_LEVEL = "-O";
				VALIDATE_PRODUCT = YES;
			};
			name = Release;
		};
		448DD2122B962E2A008F159E /* Debug */ = {
			isa = XCBuildConfiguration;
			buildSettings = {
				ASSETCATALOG_COMPILER_APPICON_NAME = AppIcon;
				ASSETCATALOG_COMPILER_GLOBAL_ACCENT_COLOR_NAME = AccentColor;
				CODE_SIGN_STYLE = Automatic;
				CURRENT_PROJECT_VERSION = 1;
				DEVELOPMENT_TEAM = QJ6ZSAGM2B;
				GENERATE_INFOPLIST_FILE = YES;
				INFOPLIST_FILE = "kode-employees/Resources/Info.plist";
				INFOPLIST_KEY_CFBundleDisplayName = "kode employees";
				INFOPLIST_KEY_UIApplicationSupportsIndirectInputEvents = YES;
				INFOPLIST_KEY_UILaunchStoryboardName = LaunchScreen;
				INFOPLIST_KEY_UIMainStoryboardFile = "";
				INFOPLIST_KEY_UISupportedInterfaceOrientations_iPad = "UIInterfaceOrientationPortrait UIInterfaceOrientationPortraitUpsideDown UIInterfaceOrientationLandscapeLeft UIInterfaceOrientationLandscapeRight";
				INFOPLIST_KEY_UISupportedInterfaceOrientations_iPhone = "UIInterfaceOrientationPortrait UIInterfaceOrientationLandscapeLeft UIInterfaceOrientationLandscapeRight";
				IPHONEOS_DEPLOYMENT_TARGET = 15.0;
				LD_RUNPATH_SEARCH_PATHS = (
					"$(inherited)",
					"@executable_path/Frameworks",
				);
				MARKETING_VERSION = 1.0.0;
				PRODUCT_BUNDLE_IDENTIFIER = "youngblader.kode-employees";
				PRODUCT_NAME = "$(TARGET_NAME)";
				SWIFT_EMIT_LOC_STRINGS = YES;
				SWIFT_VERSION = 5.0;
				TARGETED_DEVICE_FAMILY = "1,2";
			};
			name = Debug;
		};
		448DD2132B962E2A008F159E /* Release */ = {
			isa = XCBuildConfiguration;
			buildSettings = {
				ASSETCATALOG_COMPILER_APPICON_NAME = AppIcon;
				ASSETCATALOG_COMPILER_GLOBAL_ACCENT_COLOR_NAME = AccentColor;
				CODE_SIGN_STYLE = Automatic;
				CURRENT_PROJECT_VERSION = 1;
				DEVELOPMENT_TEAM = QJ6ZSAGM2B;
				GENERATE_INFOPLIST_FILE = YES;
				INFOPLIST_FILE = "kode-employees/Resources/Info.plist";
				INFOPLIST_KEY_CFBundleDisplayName = "kode employees";
				INFOPLIST_KEY_UIApplicationSupportsIndirectInputEvents = YES;
				INFOPLIST_KEY_UILaunchStoryboardName = LaunchScreen;
				INFOPLIST_KEY_UIMainStoryboardFile = "";
				INFOPLIST_KEY_UISupportedInterfaceOrientations_iPad = "UIInterfaceOrientationPortrait UIInterfaceOrientationPortraitUpsideDown UIInterfaceOrientationLandscapeLeft UIInterfaceOrientationLandscapeRight";
				INFOPLIST_KEY_UISupportedInterfaceOrientations_iPhone = "UIInterfaceOrientationPortrait UIInterfaceOrientationLandscapeLeft UIInterfaceOrientationLandscapeRight";
				IPHONEOS_DEPLOYMENT_TARGET = 15.0;
				LD_RUNPATH_SEARCH_PATHS = (
					"$(inherited)",
					"@executable_path/Frameworks",
				);
				MARKETING_VERSION = 1.0.0;
				PRODUCT_BUNDLE_IDENTIFIER = "youngblader.kode-employees";
				PRODUCT_NAME = "$(TARGET_NAME)";
				SWIFT_EMIT_LOC_STRINGS = YES;
				SWIFT_VERSION = 5.0;
				TARGETED_DEVICE_FAMILY = "1,2";
			};
			name = Release;
		};
/* End XCBuildConfiguration section */

/* Begin XCConfigurationList section */
		448DD1F82B962E29008F159E /* Build configuration list for PBXProject "kode-employees" */ = {
			isa = XCConfigurationList;
			buildConfigurations = (
				448DD20F2B962E2A008F159E /* Debug */,
				448DD2102B962E2A008F159E /* Release */,
			);
			defaultConfigurationIsVisible = 0;
			defaultConfigurationName = Release;
		};
		448DD2112B962E2A008F159E /* Build configuration list for PBXNativeTarget "kode-employees" */ = {
			isa = XCConfigurationList;
			buildConfigurations = (
				448DD2122B962E2A008F159E /* Debug */,
				448DD2132B962E2A008F159E /* Release */,
			);
			defaultConfigurationIsVisible = 0;
			defaultConfigurationName = Release;
		};
/* End XCConfigurationList section */

/* Begin XCRemoteSwiftPackageReference section */
		44857E662B971D0800FFDDB3 /* XCRemoteSwiftPackageReference "SnapKit" */ = {
			isa = XCRemoteSwiftPackageReference;
			repositoryURL = "https://github.com/SnapKit/SnapKit";
			requirement = {
				kind = upToNextMajorVersion;
				minimumVersion = 5.6.0;
			};
		};
		44857E6E2B971EB500FFDDB3 /* XCRemoteSwiftPackageReference "SDWebImage" */ = {
			isa = XCRemoteSwiftPackageReference;
			repositoryURL = "https://github.com/SDWebImage/SDWebImage";
			requirement = {
				kind = upToNextMinorVersion;
				minimumVersion = 5.9.0;
			};
		};
/* End XCRemoteSwiftPackageReference section */

/* Begin XCSwiftPackageProductDependency section */
		44857E672B971D0800FFDDB3 /* SnapKit */ = {
			isa = XCSwiftPackageProductDependency;
			package = 44857E662B971D0800FFDDB3 /* XCRemoteSwiftPackageReference "SnapKit" */;
			productName = SnapKit;
		};
		44857E6F2B971EB500FFDDB3 /* SDWebImage */ = {
			isa = XCSwiftPackageProductDependency;
			package = 44857E6E2B971EB500FFDDB3 /* XCRemoteSwiftPackageReference "SDWebImage" */;
			productName = SDWebImage;
		};
		44857E712B971EB500FFDDB3 /* SDWebImageMapKit */ = {
			isa = XCSwiftPackageProductDependency;
			package = 44857E6E2B971EB500FFDDB3 /* XCRemoteSwiftPackageReference "SDWebImage" */;
			productName = SDWebImageMapKit;
		};
/* End XCSwiftPackageProductDependency section */
	};
	rootObject = 448DD1F52B962E29008F159E /* Project object */;
}
